// !$*UTF8*$!
{
	archiveVersion = 1;
	classes = {
	};
	objectVersion = 48;
	objects = {

/* Begin PBXBuildFile section */
		032F8B46201DE4570072A680 /* WordList.swift in Sources */ = {isa = PBXBuildFile; fileRef = 032F8B44201DE4570072A680 /* WordList.swift */; };
		032F8B47201DE62C0072A680 /* VocabDatabase.swift in Sources */ = {isa = PBXBuildFile; fileRef = 5E0EB2F7201B8661002EED45 /* VocabDatabase.swift */; };
		032F8B48201DE6300072A680 /* Word.swift in Sources */ = {isa = PBXBuildFile; fileRef = 5E1DDC96201B89B10003627A /* Word.swift */; };
		032F8B65201FC3BF0072A680 /* train.txt in Resources */ = {isa = PBXBuildFile; fileRef = 032F8B64201FC3BF0072A680 /* train.txt */; };
		032F8B69201FC3C80072A680 /* NGram.swift in Sources */ = {isa = PBXBuildFile; fileRef = 032F8B66201FC3C70072A680 /* NGram.swift */; };
		032F8B6A201FC3C80072A680 /* Trie.swift in Sources */ = {isa = PBXBuildFile; fileRef = 032F8B67201FC3C70072A680 /* Trie.swift */; };
		032F8B6F201FCFEB0072A680 /* Trainer.swift in Sources */ = {isa = PBXBuildFile; fileRef = 032F8B6E201FCFEB0072A680 /* Trainer.swift */; };
		5EA332ED200FA99A00E9C6EB /* VocabViewController.swift in Sources */ = {isa = PBXBuildFile; fileRef = 5EA332EC200FA99A00E9C6EB /* VocabViewController.swift */; };
		5EA332EF200FA9B700E9C6EB /* SettingsViewController.swift in Sources */ = {isa = PBXBuildFile; fileRef = 5EA332EE200FA9B700E9C6EB /* SettingsViewController.swift */; };
		5EAA33F0200E5D2300519B7E /* AppDelegate.swift in Sources */ = {isa = PBXBuildFile; fileRef = 5EAA33EF200E5D2300519B7E /* AppDelegate.swift */; };
		5EAA33F2200E5D2300519B7E /* HomeViewController.swift in Sources */ = {isa = PBXBuildFile; fileRef = 5EAA33F1200E5D2300519B7E /* HomeViewController.swift */; };
		5EAA33F5200E5D2300519B7E /* Main.storyboard in Resources */ = {isa = PBXBuildFile; fileRef = 5EAA33F3200E5D2300519B7E /* Main.storyboard */; };
		5EAA33F7200E5D2300519B7E /* Assets.xcassets in Resources */ = {isa = PBXBuildFile; fileRef = 5EAA33F6200E5D2300519B7E /* Assets.xcassets */; };
		5EAA33FA200E5D2300519B7E /* LaunchScreen.storyboard in Resources */ = {isa = PBXBuildFile; fileRef = 5EAA33F8200E5D2300519B7E /* LaunchScreen.storyboard */; };
		5EAA3405200E5D2300519B7E /* VoiceBoxTests.swift in Sources */ = {isa = PBXBuildFile; fileRef = 5EAA3404200E5D2300519B7E /* VoiceBoxTests.swift */; };
		5EAA3410200E5D2300519B7E /* VoiceBoxUITests.swift in Sources */ = {isa = PBXBuildFile; fileRef = 5EAA340F200E5D2300519B7E /* VoiceBoxUITests.swift */; };
		5ED17FD6201A5779002E1ADB /* VocabularyDB.db in Resources */ = {isa = PBXBuildFile; fileRef = 5ED17FD5201A5779002E1ADB /* VocabularyDB.db */; };
		8CB5D2BE06CB4E0FAF04920B /* Pods_VoiceBox.framework in Frameworks */ = {isa = PBXBuildFile; fileRef = 768DBE447492CD9C78C8A852 /* Pods_VoiceBox.framework */; };
/* End PBXBuildFile section */

/* Begin PBXContainerItemProxy section */
		5EAA3401200E5D2300519B7E /* PBXContainerItemProxy */ = {
			isa = PBXContainerItemProxy;
			containerPortal = 5EAA33E4200E5D2300519B7E /* Project object */;
			proxyType = 1;
			remoteGlobalIDString = 5EAA33EB200E5D2300519B7E;
			remoteInfo = VoiceBox;
		};
		5EAA340C200E5D2300519B7E /* PBXContainerItemProxy */ = {
			isa = PBXContainerItemProxy;
			containerPortal = 5EAA33E4200E5D2300519B7E /* Project object */;
			proxyType = 1;
			remoteGlobalIDString = 5EAA33EB200E5D2300519B7E;
			remoteInfo = VoiceBox;
		};
/* End PBXContainerItemProxy section */

/* Begin PBXFileReference section */
		032F8B44201DE4570072A680 /* WordList.swift */ = {isa = PBXFileReference; fileEncoding = 4; lastKnownFileType = sourcecode.swift; path = WordList.swift; sourceTree = "<group>"; };
		032F8B64201FC3BF0072A680 /* train.txt */ = {isa = PBXFileReference; fileEncoding = 4; lastKnownFileType = text; path = train.txt; sourceTree = "<group>"; };
		032F8B66201FC3C70072A680 /* NGram.swift */ = {isa = PBXFileReference; fileEncoding = 4; lastKnownFileType = sourcecode.swift; path = NGram.swift; sourceTree = "<group>"; };
		032F8B67201FC3C70072A680 /* Trie.swift */ = {isa = PBXFileReference; fileEncoding = 4; lastKnownFileType = sourcecode.swift; path = Trie.swift; sourceTree = "<group>"; };
		032F8B6E201FCFEB0072A680 /* Trainer.swift */ = {isa = PBXFileReference; lastKnownFileType = sourcecode.swift; path = Trainer.swift; sourceTree = "<group>"; };
		5E0EB2F7201B8661002EED45 /* VocabDatabase.swift */ = {isa = PBXFileReference; lastKnownFileType = sourcecode.swift; path = VocabDatabase.swift; sourceTree = "<group>"; };
		5E1DDC96201B89B10003627A /* Word.swift */ = {isa = PBXFileReference; lastKnownFileType = sourcecode.swift; path = Word.swift; sourceTree = "<group>"; };
		5EA332EC200FA99A00E9C6EB /* VocabViewController.swift */ = {isa = PBXFileReference; lastKnownFileType = sourcecode.swift; path = VocabViewController.swift; sourceTree = "<group>"; };
		5EA332EE200FA9B700E9C6EB /* SettingsViewController.swift */ = {isa = PBXFileReference; lastKnownFileType = sourcecode.swift; path = SettingsViewController.swift; sourceTree = "<group>"; };
		5EAA33EC200E5D2300519B7E /* VoiceBox.app */ = {isa = PBXFileReference; explicitFileType = wrapper.application; includeInIndex = 0; path = VoiceBox.app; sourceTree = BUILT_PRODUCTS_DIR; };
		5EAA33EF200E5D2300519B7E /* AppDelegate.swift */ = {isa = PBXFileReference; lastKnownFileType = sourcecode.swift; path = AppDelegate.swift; sourceTree = "<group>"; };
		5EAA33F1200E5D2300519B7E /* HomeViewController.swift */ = {isa = PBXFileReference; lastKnownFileType = sourcecode.swift; path = HomeViewController.swift; sourceTree = "<group>"; };
		5EAA33F4200E5D2300519B7E /* Base */ = {isa = PBXFileReference; lastKnownFileType = file.storyboard; name = Base; path = Base.lproj/Main.storyboard; sourceTree = "<group>"; };
		5EAA33F6200E5D2300519B7E /* Assets.xcassets */ = {isa = PBXFileReference; lastKnownFileType = folder.assetcatalog; path = Assets.xcassets; sourceTree = "<group>"; };
		5EAA33F9200E5D2300519B7E /* Base */ = {isa = PBXFileReference; lastKnownFileType = file.storyboard; name = Base; path = Base.lproj/LaunchScreen.storyboard; sourceTree = "<group>"; };
		5EAA33FB200E5D2300519B7E /* Info.plist */ = {isa = PBXFileReference; lastKnownFileType = text.plist.xml; path = Info.plist; sourceTree = "<group>"; };
		5EAA3400200E5D2300519B7E /* VoiceBoxTests.xctest */ = {isa = PBXFileReference; explicitFileType = wrapper.cfbundle; includeInIndex = 0; path = VoiceBoxTests.xctest; sourceTree = BUILT_PRODUCTS_DIR; };
		5EAA3404200E5D2300519B7E /* VoiceBoxTests.swift */ = {isa = PBXFileReference; lastKnownFileType = sourcecode.swift; path = VoiceBoxTests.swift; sourceTree = "<group>"; };
		5EAA3406200E5D2300519B7E /* Info.plist */ = {isa = PBXFileReference; lastKnownFileType = text.plist.xml; path = Info.plist; sourceTree = "<group>"; };
		5EAA340B200E5D2300519B7E /* VoiceBoxUITests.xctest */ = {isa = PBXFileReference; explicitFileType = wrapper.cfbundle; includeInIndex = 0; path = VoiceBoxUITests.xctest; sourceTree = BUILT_PRODUCTS_DIR; };
		5EAA340F200E5D2300519B7E /* VoiceBoxUITests.swift */ = {isa = PBXFileReference; lastKnownFileType = sourcecode.swift; path = VoiceBoxUITests.swift; sourceTree = "<group>"; };
		5EAA3411200E5D2300519B7E /* Info.plist */ = {isa = PBXFileReference; lastKnownFileType = text.plist.xml; path = Info.plist; sourceTree = "<group>"; };
		5ED17FD5201A5779002E1ADB /* VocabularyDB.db */ = {isa = PBXFileReference; lastKnownFileType = file; path = VocabularyDB.db; sourceTree = "<group>"; };
		75074F08D8DEBA02E50E3D27 /* Pods-VoiceBox.debug.xcconfig */ = {isa = PBXFileReference; includeInIndex = 1; lastKnownFileType = text.xcconfig; name = "Pods-VoiceBox.debug.xcconfig"; path = "Pods/Target Support Files/Pods-VoiceBox/Pods-VoiceBox.debug.xcconfig"; sourceTree = "<group>"; };
		753E1473BEC6095E4BC624B5 /* Pods-VoiceBox.release.xcconfig */ = {isa = PBXFileReference; includeInIndex = 1; lastKnownFileType = text.xcconfig; name = "Pods-VoiceBox.release.xcconfig"; path = "Pods/Target Support Files/Pods-VoiceBox/Pods-VoiceBox.release.xcconfig"; sourceTree = "<group>"; };
		768DBE447492CD9C78C8A852 /* Pods_VoiceBox.framework */ = {isa = PBXFileReference; explicitFileType = wrapper.framework; includeInIndex = 0; path = Pods_VoiceBox.framework; sourceTree = BUILT_PRODUCTS_DIR; };
/* End PBXFileReference section */

/* Begin PBXFrameworksBuildPhase section */
		5EAA33E9200E5D2300519B7E /* Frameworks */ = {
			isa = PBXFrameworksBuildPhase;
			buildActionMask = 2147483647;
			files = (
				8CB5D2BE06CB4E0FAF04920B /* Pods_VoiceBox.framework in Frameworks */,
			);
			runOnlyForDeploymentPostprocessing = 0;
		};
		5EAA33FD200E5D2300519B7E /* Frameworks */ = {
			isa = PBXFrameworksBuildPhase;
			buildActionMask = 2147483647;
			files = (
			);
			runOnlyForDeploymentPostprocessing = 0;
		};
		5EAA3408200E5D2300519B7E /* Frameworks */ = {
			isa = PBXFrameworksBuildPhase;
			buildActionMask = 2147483647;
			files = (
			);
			runOnlyForDeploymentPostprocessing = 0;
		};
/* End PBXFrameworksBuildPhase section */

/* Begin PBXGroup section */
		032F8B59201FC34B0072A680 /* Data */ = {
			isa = PBXGroup;
			children = (
				032F8B64201FC3BF0072A680 /* train.txt */,
			);
			path = Data;
			sourceTree = "<group>";
		};
		032F8B5B201FC3700072A680 /* Learning */ = {
			isa = PBXGroup;
			children = (
				032F8B66201FC3C70072A680 /* NGram.swift */,
				032F8B67201FC3C70072A680 /* Trie.swift */,
				032F8B6E201FCFEB0072A680 /* Trainer.swift */,
			);
			path = Learning;
			sourceTree = "<group>";
		};
		44C67EB575752FC54AADF804 /* Pods */ = {
			isa = PBXGroup;
			children = (
				75074F08D8DEBA02E50E3D27 /* Pods-VoiceBox.debug.xcconfig */,
				753E1473BEC6095E4BC624B5 /* Pods-VoiceBox.release.xcconfig */,
			);
			name = Pods;
			sourceTree = "<group>";
		};
		5E1DDC95201B89880003627A /* Models */ = {
			isa = PBXGroup;
			children = (
				5E1DDC96201B89B10003627A /* Word.swift */,
			);
			path = Models;
			sourceTree = "<group>";
		};
		5EA332E4200FA13300E9C6EB /* Shared */ = {
			isa = PBXGroup;
			children = (
				032F8B5B201FC3700072A680 /* Learning */,
				032F8B59201FC34B0072A680 /* Data */,
				5ED17FD1201A5732002E1ADB /* Database */,
				5E1DDC95201B89880003627A /* Models */,
			);
			path = Shared;
			sourceTree = "<group>";
		};
		5EA332E5200FA14400E9C6EB /* Application */ = {
			isa = PBXGroup;
			children = (
				5EA332E6200FA15600E9C6EB /* Main */,
				5EA332E9200FA1B100E9C6EB /* Home */,
				5EA332EB200FA96D00E9C6EB /* Vocab */,
				5EA332EA200FA96400E9C6EB /* Settings */,
				5EA332E7200FA17600E9C6EB /* Resources */,
			);
			name = Application;
			sourceTree = "<group>";
		};
		5EA332E6200FA15600E9C6EB /* Main */ = {
			isa = PBXGroup;
			children = (
				5EAA33F3200E5D2300519B7E /* Main.storyboard */,
				5EAA33F8200E5D2300519B7E /* LaunchScreen.storyboard */,
				5EAA33FB200E5D2300519B7E /* Info.plist */,
				5EAA33EF200E5D2300519B7E /* AppDelegate.swift */,
			);
			name = Main;
			sourceTree = "<group>";
		};
		5EA332E7200FA17600E9C6EB /* Resources */ = {
			isa = PBXGroup;
			children = (
				5EAA33F6200E5D2300519B7E /* Assets.xcassets */,
			);
			name = Resources;
			sourceTree = "<group>";
		};
		5EA332E9200FA1B100E9C6EB /* Home */ = {
			isa = PBXGroup;
			children = (
				032F8B44201DE4570072A680 /* WordList.swift */,
				5EAA33F1200E5D2300519B7E /* HomeViewController.swift */,
			);
			path = Home;
			sourceTree = "<group>";
		};
		5EA332EA200FA96400E9C6EB /* Settings */ = {
			isa = PBXGroup;
			children = (
				5EA332EE200FA9B700E9C6EB /* SettingsViewController.swift */,
			);
			path = Settings;
			sourceTree = "<group>";
		};
		5EA332EB200FA96D00E9C6EB /* Vocab */ = {
			isa = PBXGroup;
			children = (
				5EA332EC200FA99A00E9C6EB /* VocabViewController.swift */,
			);
			path = Vocab;
			sourceTree = "<group>";
		};
		5EAA33E3200E5D2300519B7E = {
			isa = PBXGroup;
			children = (
				5EAA33EE200E5D2300519B7E /* VoiceBox */,
				5EAA3403200E5D2300519B7E /* VoiceBoxTests */,
				5EAA340E200E5D2300519B7E /* VoiceBoxUITests */,
				5EAA33ED200E5D2300519B7E /* Products */,
				44C67EB575752FC54AADF804 /* Pods */,
				BB3EF7FCC2B3F52165B5CACF /* Frameworks */,
			);
			sourceTree = "<group>";
		};
		5EAA33ED200E5D2300519B7E /* Products */ = {
			isa = PBXGroup;
			children = (
				5EAA33EC200E5D2300519B7E /* VoiceBox.app */,
				5EAA3400200E5D2300519B7E /* VoiceBoxTests.xctest */,
				5EAA340B200E5D2300519B7E /* VoiceBoxUITests.xctest */,
			);
			name = Products;
			sourceTree = "<group>";
		};
		5EAA33EE200E5D2300519B7E /* VoiceBox */ = {
			isa = PBXGroup;
			children = (
				5EA332E4200FA13300E9C6EB /* Shared */,
				5EA332E5200FA14400E9C6EB /* Application */,
			);
			path = VoiceBox;
			sourceTree = "<group>";
		};
		5EAA3403200E5D2300519B7E /* VoiceBoxTests */ = {
			isa = PBXGroup;
			children = (
				5EAA3404200E5D2300519B7E /* VoiceBoxTests.swift */,
				5EAA3406200E5D2300519B7E /* Info.plist */,
			);
			path = VoiceBoxTests;
			sourceTree = "<group>";
		};
		5EAA340E200E5D2300519B7E /* VoiceBoxUITests */ = {
			isa = PBXGroup;
			children = (
				5EAA340F200E5D2300519B7E /* VoiceBoxUITests.swift */,
				5EAA3411200E5D2300519B7E /* Info.plist */,
			);
			path = VoiceBoxUITests;
			sourceTree = "<group>";
		};
		5ED17FD1201A5732002E1ADB /* Database */ = {
			isa = PBXGroup;
			children = (
				5ED17FD5201A5779002E1ADB /* VocabularyDB.db */,
				5E0EB2F7201B8661002EED45 /* VocabDatabase.swift */,
			);
			path = Database;
			sourceTree = "<group>";
		};
		BB3EF7FCC2B3F52165B5CACF /* Frameworks */ = {
			isa = PBXGroup;
			children = (
				768DBE447492CD9C78C8A852 /* Pods_VoiceBox.framework */,
			);
			name = Frameworks;
			sourceTree = "<group>";
		};
/* End PBXGroup section */

/* Begin PBXNativeTarget section */
		5EAA33EB200E5D2300519B7E /* VoiceBox */ = {
			isa = PBXNativeTarget;
			buildConfigurationList = 5EAA3414200E5D2300519B7E /* Build configuration list for PBXNativeTarget "VoiceBox" */;
			buildPhases = (
				F6B7B4571FE42C56B080773B /* [CP] Check Pods Manifest.lock */,
				5EAA33E8200E5D2300519B7E /* Sources */,
				5EAA33E9200E5D2300519B7E /* Frameworks */,
				5EAA33EA200E5D2300519B7E /* Resources */,
				6064C0CEB1EEB97375B1543A /* [CP] Embed Pods Frameworks */,
				6BB0F7F69F918D5E661F31A6 /* [CP] Copy Pods Resources */,
			);
			buildRules = (
			);
			dependencies = (
			);
			name = VoiceBox;
			productName = VoiceBox;
			productReference = 5EAA33EC200E5D2300519B7E /* VoiceBox.app */;
			productType = "com.apple.product-type.application";
		};
		5EAA33FF200E5D2300519B7E /* VoiceBoxTests */ = {
			isa = PBXNativeTarget;
			buildConfigurationList = 5EAA3417200E5D2300519B7E /* Build configuration list for PBXNativeTarget "VoiceBoxTests" */;
			buildPhases = (
				5EAA33FC200E5D2300519B7E /* Sources */,
				5EAA33FD200E5D2300519B7E /* Frameworks */,
				5EAA33FE200E5D2300519B7E /* Resources */,
			);
			buildRules = (
			);
			dependencies = (
				5EAA3402200E5D2300519B7E /* PBXTargetDependency */,
			);
			name = VoiceBoxTests;
			productName = VoiceBoxTests;
			productReference = 5EAA3400200E5D2300519B7E /* VoiceBoxTests.xctest */;
			productType = "com.apple.product-type.bundle.unit-test";
		};
		5EAA340A200E5D2300519B7E /* VoiceBoxUITests */ = {
			isa = PBXNativeTarget;
			buildConfigurationList = 5EAA341A200E5D2300519B7E /* Build configuration list for PBXNativeTarget "VoiceBoxUITests" */;
			buildPhases = (
				5EAA3407200E5D2300519B7E /* Sources */,
				5EAA3408200E5D2300519B7E /* Frameworks */,
				5EAA3409200E5D2300519B7E /* Resources */,
			);
			buildRules = (
			);
			dependencies = (
				5EAA340D200E5D2300519B7E /* PBXTargetDependency */,
			);
			name = VoiceBoxUITests;
			productName = VoiceBoxUITests;
			productReference = 5EAA340B200E5D2300519B7E /* VoiceBoxUITests.xctest */;
			productType = "com.apple.product-type.bundle.ui-testing";
		};
/* End PBXNativeTarget section */

/* Begin PBXProject section */
		5EAA33E4200E5D2300519B7E /* Project object */ = {
			isa = PBXProject;
			attributes = {
				LastSwiftUpdateCheck = 0920;
				LastUpgradeCheck = 0920;
				ORGANIZATIONNAME = "Christian Riboldi";
				TargetAttributes = {
					5EAA33EB200E5D2300519B7E = {
						CreatedOnToolsVersion = 9.2;
						ProvisioningStyle = Automatic;
					};
					5EAA33FF200E5D2300519B7E = {
						CreatedOnToolsVersion = 9.2;
						ProvisioningStyle = Automatic;
						TestTargetID = 5EAA33EB200E5D2300519B7E;
					};
					5EAA340A200E5D2300519B7E = {
						CreatedOnToolsVersion = 9.2;
						ProvisioningStyle = Automatic;
						TestTargetID = 5EAA33EB200E5D2300519B7E;
					};
				};
			};
			buildConfigurationList = 5EAA33E7200E5D2300519B7E /* Build configuration list for PBXProject "VoiceBox" */;
			compatibilityVersion = "Xcode 8.0";
			developmentRegion = en;
			hasScannedForEncodings = 0;
			knownRegions = (
				en,
				Base,
			);
			mainGroup = 5EAA33E3200E5D2300519B7E;
			productRefGroup = 5EAA33ED200E5D2300519B7E /* Products */;
			projectDirPath = "";
			projectRoot = "";
			targets = (
				5EAA33EB200E5D2300519B7E /* VoiceBox */,
				5EAA33FF200E5D2300519B7E /* VoiceBoxTests */,
				5EAA340A200E5D2300519B7E /* VoiceBoxUITests */,
			);
		};
/* End PBXProject section */

/* Begin PBXResourcesBuildPhase section */
		5EAA33EA200E5D2300519B7E /* Resources */ = {
			isa = PBXResourcesBuildPhase;
			buildActionMask = 2147483647;
			files = (
				5EAA33FA200E5D2300519B7E /* LaunchScreen.storyboard in Resources */,
				5ED17FD6201A5779002E1ADB /* VocabularyDB.db in Resources */,
				5EAA33F7200E5D2300519B7E /* Assets.xcassets in Resources */,
				032F8B65201FC3BF0072A680 /* train.txt in Resources */,
				5EAA33F5200E5D2300519B7E /* Main.storyboard in Resources */,
			);
			runOnlyForDeploymentPostprocessing = 0;
		};
		5EAA33FE200E5D2300519B7E /* Resources */ = {
			isa = PBXResourcesBuildPhase;
			buildActionMask = 2147483647;
			files = (
			);
			runOnlyForDeploymentPostprocessing = 0;
		};
		5EAA3409200E5D2300519B7E /* Resources */ = {
			isa = PBXResourcesBuildPhase;
			buildActionMask = 2147483647;
			files = (
			);
			runOnlyForDeploymentPostprocessing = 0;
		};
/* End PBXResourcesBuildPhase section */

/* Begin PBXShellScriptBuildPhase section */
		6064C0CEB1EEB97375B1543A /* [CP] Embed Pods Frameworks */ = {
			isa = PBXShellScriptBuildPhase;
			buildActionMask = 2147483647;
			files = (
			);
			inputPaths = (
				"${SRCROOT}/Pods/Target Support Files/Pods-VoiceBox/Pods-VoiceBox-frameworks.sh",
				"${BUILT_PRODUCTS_DIR}/GRDB.swift/GRDB.framework",
			);
			name = "[CP] Embed Pods Frameworks";
			outputPaths = (
				"${TARGET_BUILD_DIR}/${FRAMEWORKS_FOLDER_PATH}/GRDB.framework",
			);
			runOnlyForDeploymentPostprocessing = 0;
			shellPath = /bin/sh;
			shellScript = "\"${SRCROOT}/Pods/Target Support Files/Pods-VoiceBox/Pods-VoiceBox-frameworks.sh\"\n";
			showEnvVarsInLog = 0;
		};
		6BB0F7F69F918D5E661F31A6 /* [CP] Copy Pods Resources */ = {
			isa = PBXShellScriptBuildPhase;
			buildActionMask = 2147483647;
			files = (
			);
			inputPaths = (
			);
			name = "[CP] Copy Pods Resources";
			outputPaths = (
			);
			runOnlyForDeploymentPostprocessing = 0;
			shellPath = /bin/sh;
			shellScript = "\"${SRCROOT}/Pods/Target Support Files/Pods-VoiceBox/Pods-VoiceBox-resources.sh\"\n";
			showEnvVarsInLog = 0;
		};
		F6B7B4571FE42C56B080773B /* [CP] Check Pods Manifest.lock */ = {
			isa = PBXShellScriptBuildPhase;
			buildActionMask = 2147483647;
			files = (
			);
			inputPaths = (
				"${PODS_PODFILE_DIR_PATH}/Podfile.lock",
				"${PODS_ROOT}/Manifest.lock",
			);
			name = "[CP] Check Pods Manifest.lock";
			outputPaths = (
				"$(DERIVED_FILE_DIR)/Pods-VoiceBox-checkManifestLockResult.txt",
			);
			runOnlyForDeploymentPostprocessing = 0;
			shellPath = /bin/sh;
			shellScript = "diff \"${PODS_PODFILE_DIR_PATH}/Podfile.lock\" \"${PODS_ROOT}/Manifest.lock\" > /dev/null\nif [ $? != 0 ] ; then\n    # print error to STDERR\n    echo \"error: The sandbox is not in sync with the Podfile.lock. Run 'pod install' or update your CocoaPods installation.\" >&2\n    exit 1\nfi\n# This output is used by Xcode 'outputs' to avoid re-running this script phase.\necho \"SUCCESS\" > \"${SCRIPT_OUTPUT_FILE_0}\"\n";
			showEnvVarsInLog = 0;
		};
/* End PBXShellScriptBuildPhase section */

/* Begin PBXSourcesBuildPhase section */
		5EAA33E8200E5D2300519B7E /* Sources */ = {
			isa = PBXSourcesBuildPhase;
			buildActionMask = 2147483647;
			files = (
				032F8B47201DE62C0072A680 /* VocabDatabase.swift in Sources */,
				032F8B48201DE6300072A680 /* Word.swift in Sources */,
				5EAA33F2200E5D2300519B7E /* HomeViewController.swift in Sources */,
				032F8B6A201FC3C80072A680 /* Trie.swift in Sources */,
				032F8B69201FC3C80072A680 /* NGram.swift in Sources */,
				032F8B46201DE4570072A680 /* WordList.swift in Sources */,
				5EAA33F0200E5D2300519B7E /* AppDelegate.swift in Sources */,
				5EA332ED200FA99A00E9C6EB /* VocabViewController.swift in Sources */,
				5EA332EF200FA9B700E9C6EB /* SettingsViewController.swift in Sources */,
				032F8B6F201FCFEB0072A680 /* Trainer.swift in Sources */,
			);
			runOnlyForDeploymentPostprocessing = 0;
		};
		5EAA33FC200E5D2300519B7E /* Sources */ = {
			isa = PBXSourcesBuildPhase;
			buildActionMask = 2147483647;
			files = (
				5EAA3405200E5D2300519B7E /* VoiceBoxTests.swift in Sources */,
			);
			runOnlyForDeploymentPostprocessing = 0;
		};
		5EAA3407200E5D2300519B7E /* Sources */ = {
			isa = PBXSourcesBuildPhase;
			buildActionMask = 2147483647;
			files = (
				5EAA3410200E5D2300519B7E /* VoiceBoxUITests.swift in Sources */,
			);
			runOnlyForDeploymentPostprocessing = 0;
		};
/* End PBXSourcesBuildPhase section */

/* Begin PBXTargetDependency section */
		5EAA3402200E5D2300519B7E /* PBXTargetDependency */ = {
			isa = PBXTargetDependency;
			target = 5EAA33EB200E5D2300519B7E /* VoiceBox */;
			targetProxy = 5EAA3401200E5D2300519B7E /* PBXContainerItemProxy */;
		};
		5EAA340D200E5D2300519B7E /* PBXTargetDependency */ = {
			isa = PBXTargetDependency;
			target = 5EAA33EB200E5D2300519B7E /* VoiceBox */;
			targetProxy = 5EAA340C200E5D2300519B7E /* PBXContainerItemProxy */;
		};
/* End PBXTargetDependency section */

/* Begin PBXVariantGroup section */
		5EAA33F3200E5D2300519B7E /* Main.storyboard */ = {
			isa = PBXVariantGroup;
			children = (
				5EAA33F4200E5D2300519B7E /* Base */,
			);
			name = Main.storyboard;
			sourceTree = "<group>";
		};
		5EAA33F8200E5D2300519B7E /* LaunchScreen.storyboard */ = {
			isa = PBXVariantGroup;
			children = (
				5EAA33F9200E5D2300519B7E /* Base */,
			);
			name = LaunchScreen.storyboard;
			sourceTree = "<group>";
		};
/* End PBXVariantGroup section */

/* Begin XCBuildConfiguration section */
		5EAA3412200E5D2300519B7E /* Debug */ = {
			isa = XCBuildConfiguration;
			buildSettings = {
				ALWAYS_SEARCH_USER_PATHS = NO;
				CLANG_ANALYZER_NONNULL = YES;
				CLANG_ANALYZER_NUMBER_OBJECT_CONVERSION = YES_AGGRESSIVE;
				CLANG_CXX_LANGUAGE_STANDARD = "gnu++14";
				CLANG_CXX_LIBRARY = "libc++";
				CLANG_ENABLE_MODULES = YES;
				CLANG_ENABLE_OBJC_ARC = YES;
				CLANG_WARN_BLOCK_CAPTURE_AUTORELEASING = YES;
				CLANG_WARN_BOOL_CONVERSION = YES;
				CLANG_WARN_COMMA = YES;
				CLANG_WARN_CONSTANT_CONVERSION = YES;
				CLANG_WARN_DIRECT_OBJC_ISA_USAGE = YES_ERROR;
				CLANG_WARN_DOCUMENTATION_COMMENTS = YES;
				CLANG_WARN_EMPTY_BODY = YES;
				CLANG_WARN_ENUM_CONVERSION = YES;
				CLANG_WARN_INFINITE_RECURSION = YES;
				CLANG_WARN_INT_CONVERSION = YES;
				CLANG_WARN_NON_LITERAL_NULL_CONVERSION = YES;
				CLANG_WARN_OBJC_LITERAL_CONVERSION = YES;
				CLANG_WARN_OBJC_ROOT_CLASS = YES_ERROR;
				CLANG_WARN_RANGE_LOOP_ANALYSIS = YES;
				CLANG_WARN_STRICT_PROTOTYPES = YES;
				CLANG_WARN_SUSPICIOUS_MOVE = YES;
				CLANG_WARN_UNGUARDED_AVAILABILITY = YES_AGGRESSIVE;
				CLANG_WARN_UNREACHABLE_CODE = YES;
				CLANG_WARN__DUPLICATE_METHOD_MATCH = YES;
				CODE_SIGN_IDENTITY = "iPhone Developer";
				COPY_PHASE_STRIP = NO;
				DEBUG_INFORMATION_FORMAT = dwarf;
				ENABLE_STRICT_OBJC_MSGSEND = YES;
				ENABLE_TESTABILITY = YES;
				GCC_C_LANGUAGE_STANDARD = gnu11;
				GCC_DYNAMIC_NO_PIC = NO;
				GCC_NO_COMMON_BLOCKS = YES;
				GCC_OPTIMIZATION_LEVEL = 0;
				GCC_PREPROCESSOR_DEFINITIONS = (
					"DEBUG=1",
					"$(inherited)",
				);
				GCC_WARN_64_TO_32_BIT_CONVERSION = YES;
				GCC_WARN_ABOUT_RETURN_TYPE = YES_ERROR;
				GCC_WARN_UNDECLARED_SELECTOR = YES;
				GCC_WARN_UNINITIALIZED_AUTOS = YES_AGGRESSIVE;
				GCC_WARN_UNUSED_FUNCTION = YES;
				GCC_WARN_UNUSED_VARIABLE = YES;
				IPHONEOS_DEPLOYMENT_TARGET = 11.2;
				MTL_ENABLE_DEBUG_INFO = YES;
				ONLY_ACTIVE_ARCH = YES;
				SDKROOT = iphoneos;
				SWIFT_ACTIVE_COMPILATION_CONDITIONS = DEBUG;
				SWIFT_OPTIMIZATION_LEVEL = "-Onone";
			};
			name = Debug;
		};
		5EAA3413200E5D2300519B7E /* Release */ = {
			isa = XCBuildConfiguration;
			buildSettings = {
				ALWAYS_SEARCH_USER_PATHS = NO;
				CLANG_ANALYZER_NONNULL = YES;
				CLANG_ANALYZER_NUMBER_OBJECT_CONVERSION = YES_AGGRESSIVE;
				CLANG_CXX_LANGUAGE_STANDARD = "gnu++14";
				CLANG_CXX_LIBRARY = "libc++";
				CLANG_ENABLE_MODULES = YES;
				CLANG_ENABLE_OBJC_ARC = YES;
				CLANG_WARN_BLOCK_CAPTURE_AUTORELEASING = YES;
				CLANG_WARN_BOOL_CONVERSION = YES;
				CLANG_WARN_COMMA = YES;
				CLANG_WARN_CONSTANT_CONVERSION = YES;
				CLANG_WARN_DIRECT_OBJC_ISA_USAGE = YES_ERROR;
				CLANG_WARN_DOCUMENTATION_COMMENTS = YES;
				CLANG_WARN_EMPTY_BODY = YES;
				CLANG_WARN_ENUM_CONVERSION = YES;
				CLANG_WARN_INFINITE_RECURSION = YES;
				CLANG_WARN_INT_CONVERSION = YES;
				CLANG_WARN_NON_LITERAL_NULL_CONVERSION = YES;
				CLANG_WARN_OBJC_LITERAL_CONVERSION = YES;
				CLANG_WARN_OBJC_ROOT_CLASS = YES_ERROR;
				CLANG_WARN_RANGE_LOOP_ANALYSIS = YES;
				CLANG_WARN_STRICT_PROTOTYPES = YES;
				CLANG_WARN_SUSPICIOUS_MOVE = YES;
				CLANG_WARN_UNGUARDED_AVAILABILITY = YES_AGGRESSIVE;
				CLANG_WARN_UNREACHABLE_CODE = YES;
				CLANG_WARN__DUPLICATE_METHOD_MATCH = YES;
				CODE_SIGN_IDENTITY = "iPhone Developer";
				COPY_PHASE_STRIP = NO;
				DEBUG_INFORMATION_FORMAT = "dwarf-with-dsym";
				ENABLE_NS_ASSERTIONS = NO;
				ENABLE_STRICT_OBJC_MSGSEND = YES;
				GCC_C_LANGUAGE_STANDARD = gnu11;
				GCC_NO_COMMON_BLOCKS = YES;
				GCC_WARN_64_TO_32_BIT_CONVERSION = YES;
				GCC_WARN_ABOUT_RETURN_TYPE = YES_ERROR;
				GCC_WARN_UNDECLARED_SELECTOR = YES;
				GCC_WARN_UNINITIALIZED_AUTOS = YES_AGGRESSIVE;
				GCC_WARN_UNUSED_FUNCTION = YES;
				GCC_WARN_UNUSED_VARIABLE = YES;
				IPHONEOS_DEPLOYMENT_TARGET = 11.2;
				MTL_ENABLE_DEBUG_INFO = NO;
				SDKROOT = iphoneos;
				SWIFT_OPTIMIZATION_LEVEL = "-Owholemodule";
				VALIDATE_PRODUCT = YES;
			};
			name = Release;
		};
		5EAA3415200E5D2300519B7E /* Debug */ = {
			isa = XCBuildConfiguration;
			baseConfigurationReference = 75074F08D8DEBA02E50E3D27 /* Pods-VoiceBox.debug.xcconfig */;
			buildSettings = {
				ASSETCATALOG_COMPILER_APPICON_NAME = AppIcon;
				CODE_SIGN_STYLE = Automatic;
				DEVELOPMENT_TEAM = G5P88J4SPW;
				INFOPLIST_FILE = VoiceBox/Info.plist;
				LD_RUNPATH_SEARCH_PATHS = "$(inherited) @executable_path/Frameworks";
				PRODUCT_BUNDLE_IDENTIFIER = com.VoiceBox;
				PRODUCT_NAME = "$(TARGET_NAME)";
				SWIFT_VERSION = 4.0;
				TARGETED_DEVICE_FAMILY = 2;
			};
			name = Debug;
		};
		5EAA3416200E5D2300519B7E /* Release */ = {
			isa = XCBuildConfiguration;
			baseConfigurationReference = 753E1473BEC6095E4BC624B5 /* Pods-VoiceBox.release.xcconfig */;
			buildSettings = {
				ASSETCATALOG_COMPILER_APPICON_NAME = AppIcon;
				CODE_SIGN_STYLE = Automatic;
				DEVELOPMENT_TEAM = G5P88J4SPW;
				INFOPLIST_FILE = VoiceBox/Info.plist;
				LD_RUNPATH_SEARCH_PATHS = "$(inherited) @executable_path/Frameworks";
				PRODUCT_BUNDLE_IDENTIFIER = com.VoiceBox;
				PRODUCT_NAME = "$(TARGET_NAME)";
				SWIFT_VERSION = 4.0;
				TARGETED_DEVICE_FAMILY = 2;
			};
			name = Release;
		};
		5EAA3418200E5D2300519B7E /* Debug */ = {
			isa = XCBuildConfiguration;
			buildSettings = {
				ALWAYS_EMBED_SWIFT_STANDARD_LIBRARIES = YES;
				BUNDLE_LOADER = "$(TEST_HOST)";
				CODE_SIGN_STYLE = Automatic;
				DEVELOPMENT_TEAM = F75NAGDE99;
				INFOPLIST_FILE = VoiceBoxTests/Info.plist;
				LD_RUNPATH_SEARCH_PATHS = "$(inherited) @executable_path/Frameworks @loader_path/Frameworks";
				PRODUCT_BUNDLE_IDENTIFIER = com.VoiceBoxTests;
				PRODUCT_NAME = "$(TARGET_NAME)";
				SWIFT_VERSION = 4.0;
				TARGETED_DEVICE_FAMILY = "1,2";
				TEST_HOST = "$(BUILT_PRODUCTS_DIR)/VoiceBox.app/VoiceBox";
			};
			name = Debug;
		};
		5EAA3419200E5D2300519B7E /* Release */ = {
			isa = XCBuildConfiguration;
			buildSettings = {
				ALWAYS_EMBED_SWIFT_STANDARD_LIBRARIES = YES;
				BUNDLE_LOADER = "$(TEST_HOST)";
				CODE_SIGN_STYLE = Automatic;
				DEVELOPMENT_TEAM = F75NAGDE99;
				INFOPLIST_FILE = VoiceBoxTests/Info.plist;
				LD_RUNPATH_SEARCH_PATHS = "$(inherited) @executable_path/Frameworks @loader_path/Frameworks";
				PRODUCT_BUNDLE_IDENTIFIER = com.VoiceBoxTests;
				PRODUCT_NAME = "$(TARGET_NAME)";
				SWIFT_VERSION = 4.0;
				TARGETED_DEVICE_FAMILY = "1,2";
				TEST_HOST = "$(BUILT_PRODUCTS_DIR)/VoiceBox.app/VoiceBox";
			};
			name = Release;
		};
		5EAA341B200E5D2300519B7E /* Debug */ = {
			isa = XCBuildConfiguration;
			buildSettings = {
				ALWAYS_EMBED_SWIFT_STANDARD_LIBRARIES = YES;
				CODE_SIGN_STYLE = Automatic;
				DEVELOPMENT_TEAM = F75NAGDE99;
				INFOPLIST_FILE = VoiceBoxUITests/Info.plist;
				LD_RUNPATH_SEARCH_PATHS = "$(inherited) @executable_path/Frameworks @loader_path/Frameworks";
				PRODUCT_BUNDLE_IDENTIFIER = com.VoiceBoxUITests;
				PRODUCT_NAME = "$(TARGET_NAME)";
				SWIFT_VERSION = 4.0;
				TARGETED_DEVICE_FAMILY = "1,2";
				TEST_TARGET_NAME = VoiceBox;
			};
			name = Debug;
		};
		5EAA341C200E5D2300519B7E /* Release */ = {
			isa = XCBuildConfiguration;
			buildSettings = {
				ALWAYS_EMBED_SWIFT_STANDARD_LIBRARIES = YES;
				CODE_SIGN_STYLE = Automatic;
				DEVELOPMENT_TEAM = F75NAGDE99;
				INFOPLIST_FILE = VoiceBoxUITests/Info.plist;
				LD_RUNPATH_SEARCH_PATHS = "$(inherited) @executable_path/Frameworks @loader_path/Frameworks";
				PRODUCT_BUNDLE_IDENTIFIER = com.VoiceBoxUITests;
				PRODUCT_NAME = "$(TARGET_NAME)";
				SWIFT_VERSION = 4.0;
				TARGETED_DEVICE_FAMILY = "1,2";
				TEST_TARGET_NAME = VoiceBox;
			};
			name = Release;
		};
/* End XCBuildConfiguration section */

/* Begin XCConfigurationList section */
		5EAA33E7200E5D2300519B7E /* Build configuration list for PBXProject "VoiceBox" */ = {
			isa = XCConfigurationList;
			buildConfigurations = (
				5EAA3412200E5D2300519B7E /* Debug */,
				5EAA3413200E5D2300519B7E /* Release */,
			);
			defaultConfigurationIsVisible = 0;
			defaultConfigurationName = Release;
		};
		5EAA3414200E5D2300519B7E /* Build configuration list for PBXNativeTarget "VoiceBox" */ = {
			isa = XCConfigurationList;
			buildConfigurations = (
				5EAA3415200E5D2300519B7E /* Debug */,
				5EAA3416200E5D2300519B7E /* Release */,
			);
			defaultConfigurationIsVisible = 0;
			defaultConfigurationName = Release;
		};
		5EAA3417200E5D2300519B7E /* Build configuration list for PBXNativeTarget "VoiceBoxTests" */ = {
			isa = XCConfigurationList;
			buildConfigurations = (
				5EAA3418200E5D2300519B7E /* Debug */,
				5EAA3419200E5D2300519B7E /* Release */,
			);
			defaultConfigurationIsVisible = 0;
			defaultConfigurationName = Release;
		};
		5EAA341A200E5D2300519B7E /* Build configuration list for PBXNativeTarget "VoiceBoxUITests" */ = {
			isa = XCConfigurationList;
			buildConfigurations = (
				5EAA341B200E5D2300519B7E /* Debug */,
				5EAA341C200E5D2300519B7E /* Release */,
			);
			defaultConfigurationIsVisible = 0;
			defaultConfigurationName = Release;
		};
/* End XCConfigurationList section */
	};
	rootObject = 5EAA33E4200E5D2300519B7E /* Project object */;
}
